
Microsoft Visual Studio Solution File, Format Version 12.00
# Visual Studio 15
VisualStudioVersion = 15.0.26730.12
MinimumVisualStudioVersion = 10.0.40219.1
Project("{FAE04EC0-301F-11D3-BF4B-00C04F79EFBC}") = "LinkedList", "LinkedList\LinkedList.csproj", "{FF282534-69C4-4374-A79E-EAF62A5DD667}"
EndProject
Global
	GlobalSection(SolutionConfigurationPlatforms) = preSolution
		Debug|Any CPU = Debug|Any CPU
		Release|Any CPU = Release|Any CPU
	EndGlobalSection
	GlobalSection(ProjectConfigurationPlatforms) = postSolution
		{FF282534-69C4-4374-A79E-EAF62A5DD667}.Debug|Any CPU.ActiveCfg = Debug|Any CPU
		{FF282534-69C4-4374-A79E-EAF62A5DD667}.Debug|Any CPU.Build.0 = Debug|Any CPU
		{FF282534-69C4-4374-A79E-EAF62A5DD667}.Release|Any CPU.ActiveCfg = Release|Any CPU
		{FF282534-69C4-4374-A79E-EAF62A5DD667}.Release|Any CPU.Build.0 = Release|Any CPU
	EndGlobalSection
	GlobalSection(SolutionProperties) = preSolution
		HideSolutionNode = FALSE
	EndGlobalSection
	GlobalSection(ExtensibilityGlobals) = postSolution
		SolutionGuid = {F5F6C54E-0B6B-493E-B256-55F3F6DD170E}
	EndGlobalSection
EndGlobal
